
Microsoft Visual Studio Solution File, Format Version 12.00
# Visual Studio Version 16
VisualStudioVersion = 16.0.30413.136
MinimumVisualStudioVersion = 10.0.40219.1
Project("{FAE04EC0-301F-11D3-BF4B-00C04F79EFBC}") = "U2_Actividad2", "U2_Practica3\U2_Actividad2.csproj", "{623C8DA0-0034-43D0-8F5C-C3C3DE75EC5E}"
EndProject
Global
	GlobalSection(SolutionConfigurationPlatforms) = preSolution
		Debug|Any CPU = Debug|Any CPU
		Release|Any CPU = Release|Any CPU
	EndGlobalSection
	GlobalSection(ProjectConfigurationPlatforms) = postSolution
		{623C8DA0-0034-43D0-8F5C-C3C3DE75EC5E}.Debug|Any CPU.ActiveCfg = Debug|Any CPU
		{623C8DA0-0034-43D0-8F5C-C3C3DE75EC5E}.Debug|Any CPU.Build.0 = Debug|Any CPU
		{623C8DA0-0034-43D0-8F5C-C3C3DE75EC5E}.Release|Any CPU.ActiveCfg = Release|Any CPU
		{623C8DA0-0034-43D0-8F5C-C3C3DE75EC5E}.Release|Any CPU.Build.0 = Release|Any CPU
	EndGlobalSection
	GlobalSection(SolutionProperties) = preSolution
		HideSolutionNode = FALSE
	EndGlobalSection
	GlobalSection(ExtensibilityGlobals) = postSolution
		SolutionGuid = {8E27D64D-F8A5-4BF7-AAD3-DB30FAA6BCAD}
	EndGlobalSection
EndGlobal
